
Microsoft Visual Studio Solution File, Format Version 12.00
# Visual Studio Version 16
VisualStudioVersion = 16.0.810.16
MinimumVisualStudioVersion = 10.0.40219.1
Project("{FAE04EC0-301F-11D3-BF4B-00C04F79EFBC}") = "XamarinToolkit.Android", "XamarinToolkit.Android\XamarinToolkit.Android.csproj", "{173D8BA7-187D-45AE-8182-8659E402F3AA}"
EndProject
Project("{FAE04EC0-301F-11D3-BF4B-00C04F79EFBC}") = "XamarinToolkit.iOS", "XamarinToolkit.iOS\XamarinToolkit.iOS.csproj", "{4338D5A5-F900-4F8A-BEF0-D11DC3ECE022}"
EndProject
Project("{FAE04EC0-301F-11D3-BF4B-00C04F79EFBC}") = "XamarinToolkit", "XamarinToolkit\XamarinToolkit.csproj", "{AD04C20D-3B73-4A0F-AB7B-3816568183BE}"
EndProject
Global
	GlobalSection(SolutionConfigurationPlatforms) = preSolution
		Debug|Any CPU = Debug|Any CPU
		Release|Any CPU = Release|Any CPU
		Debug|iPhoneSimulator = Debug|iPhoneSimulator
		Release|iPhoneSimulator = Release|iPhoneSimulator
		Debug|iPhone = Debug|iPhone
		Release|iPhone = Release|iPhone
	EndGlobalSection
	GlobalSection(ProjectConfigurationPlatforms) = postSolution
		{173D8BA7-187D-45AE-8182-8659E402F3AA}.Debug|Any CPU.ActiveCfg = Debug|Any CPU
		{173D8BA7-187D-45AE-8182-8659E402F3AA}.Debug|Any CPU.Build.0 = Debug|Any CPU
		{173D8BA7-187D-45AE-8182-8659E402F3AA}.Release|Any CPU.ActiveCfg = Release|Any CPU
		{173D8BA7-187D-45AE-8182-8659E402F3AA}.Release|Any CPU.Build.0 = Release|Any CPU
		{173D8BA7-187D-45AE-8182-8659E402F3AA}.Debug|iPhoneSimulator.ActiveCfg = Debug|Any CPU
		{173D8BA7-187D-45AE-8182-8659E402F3AA}.Debug|iPhoneSimulator.Build.0 = Debug|Any CPU
		{173D8BA7-187D-45AE-8182-8659E402F3AA}.Release|iPhoneSimulator.ActiveCfg = Release|Any CPU
		{173D8BA7-187D-45AE-8182-8659E402F3AA}.Release|iPhoneSimulator.Build.0 = Release|Any CPU
		{173D8BA7-187D-45AE-8182-8659E402F3AA}.Debug|iPhone.ActiveCfg = Debug|Any CPU
		{173D8BA7-187D-45AE-8182-8659E402F3AA}.Debug|iPhone.Build.0 = Debug|Any CPU
		{173D8BA7-187D-45AE-8182-8659E402F3AA}.Release|iPhone.ActiveCfg = Release|Any CPU
		{173D8BA7-187D-45AE-8182-8659E402F3AA}.Release|iPhone.Build.0 = Release|Any CPU
		{4338D5A5-F900-4F8A-BEF0-D11DC3ECE022}.Debug|Any CPU.ActiveCfg = Debug|iPhoneSimulator
		{4338D5A5-F900-4F8A-BEF0-D11DC3ECE022}.Debug|Any CPU.Build.0 = Debug|iPhoneSimulator
		{4338D5A5-F900-4F8A-BEF0-D11DC3ECE022}.Release|Any CPU.ActiveCfg = Release|iPhoneSimulator
		{4338D5A5-F900-4F8A-BEF0-D11DC3ECE022}.Release|Any CPU.Build.0 = Release|iPhoneSimulator
		{4338D5A5-F900-4F8A-BEF0-D11DC3ECE022}.Debug|iPhoneSimulator.ActiveCfg = Debug|iPhoneSimulator
		{4338D5A5-F900-4F8A-BEF0-D11DC3ECE022}.Debug|iPhoneSimulator.Build.0 = Debug|iPhoneSimulator
		{4338D5A5-F900-4F8A-BEF0-D11DC3ECE022}.Release|iPhoneSimulator.ActiveCfg = Release|iPhoneSimulator
		{4338D5A5-F900-4F8A-BEF0-D11DC3ECE022}.Release|iPhoneSimulator.Build.0 = Release|iPhoneSimulator
		{4338D5A5-F900-4F8A-BEF0-D11DC3ECE022}.Debug|iPhone.ActiveCfg = Debug|iPhone
		{4338D5A5-F900-4F8A-BEF0-D11DC3ECE022}.Debug|iPhone.Build.0 = Debug|iPhone
		{4338D5A5-F900-4F8A-BEF0-D11DC3ECE022}.Release|iPhone.ActiveCfg = Release|iPhone
		{4338D5A5-F900-4F8A-BEF0-D11DC3ECE022}.Release|iPhone.Build.0 = Release|iPhone
		{AD04C20D-3B73-4A0F-AB7B-3816568183BE}.Debug|Any CPU.ActiveCfg = Debug|Any CPU
		{AD04C20D-3B73-4A0F-AB7B-3816568183BE}.Debug|Any CPU.Build.0 = Debug|Any CPU
		{AD04C20D-3B73-4A0F-AB7B-3816568183BE}.Release|Any CPU.ActiveCfg = Release|Any CPU
		{AD04C20D-3B73-4A0F-AB7B-3816568183BE}.Release|Any CPU.Build.0 = Release|Any CPU
		{AD04C20D-3B73-4A0F-AB7B-3816568183BE}.Debug|iPhoneSimulator.ActiveCfg = Debug|Any CPU
		{AD04C20D-3B73-4A0F-AB7B-3816568183BE}.Debug|iPhoneSimulator.Build.0 = Debug|Any CPU
		{AD04C20D-3B73-4A0F-AB7B-3816568183BE}.Release|iPhoneSimulator.ActiveCfg = Release|Any CPU
		{AD04C20D-3B73-4A0F-AB7B-3816568183BE}.Release|iPhoneSimulator.Build.0 = Release|Any CPU
		{AD04C20D-3B73-4A0F-AB7B-3816568183BE}.Debug|iPhone.ActiveCfg = Debug|Any CPU
		{AD04C20D-3B73-4A0F-AB7B-3816568183BE}.Debug|iPhone.Build.0 = Debug|Any CPU
		{AD04C20D-3B73-4A0F-AB7B-3816568183BE}.Release|iPhone.ActiveCfg = Release|Any CPU
		{AD04C20D-3B73-4A0F-AB7B-3816568183BE}.Release|iPhone.Build.0 = Release|Any CPU
	EndGlobalSection
	GlobalSection(SolutionProperties) = preSolution
		HideSolutionNode = FALSE
	EndGlobalSection
	GlobalSection(ExtensibilityGlobals) = postSolution
		SolutionGuid = {294EEF19-FD6C-4414-8417-2D543FD47562}
	EndGlobalSection
EndGlobal
